Microsoft Visual Studio Solution File, Format Version 12.00
# Visual Studio Version 17
VisualStudioVersion = 17.13.35731.43
MinimumVisualStudioVersion = 10.0.40219.1
Project("{FAE04EC0-301F-11D3-BF4B-00C04F79EFBC}") = "Samples", "src\Samples\Samples\Samples.csproj", "{A5C2D2AE-885B-4F53-9935-3F5A0377B17B}"
EndProject
Project("{FAE04EC0-301F-11D3-BF4B-00C04F79EFBC}") = "Diffex", "src\Diffex\Diffex.csproj", "{1F7F54D4-2141-56D5-31EF-512CFE6ED93B}"
EndProject
Project("{FAE04EC0-301F-11D3-BF4B-00C04F79EFBC}") = "Diffex.Tests", "src\tests\Diffex.Tests.csproj", "{135B1A1C-68AC-DE68-CDD2-1D081FF79255}"
EndProject
Project("{FAE04EC0-301F-11D3-BF4B-00C04F79EFBC}") = "Diffex.Abstractions", "Diffex.Abstractions\Diffex.Abstractions.csproj", "{ACB7E1CF-7989-4FF3-A57E-3D648E1B15C6}"
EndProject
Global
	GlobalSection(SolutionConfigurationPlatforms) = preSolution
		Debug|Any CPU = Debug|Any CPU
		Release|Any CPU = Release|Any CPU
	EndGlobalSection
	GlobalSection(ProjectConfigurationPlatforms) = postSolution
		{A5C2D2AE-885B-4F53-9935-3F5A0377B17B}.Debug|Any CPU.ActiveCfg = Debug|Any CPU
		{A5C2D2AE-885B-4F53-9935-3F5A0377B17B}.Debug|Any CPU.Build.0 = Debug|Any CPU
		{A5C2D2AE-885B-4F53-9935-3F5A0377B17B}.Release|Any CPU.ActiveCfg = Release|Any CPU
		{A5C2D2AE-885B-4F53-9935-3F5A0377B17B}.Release|Any CPU.Build.0 = Release|Any CPU
		{1F7F54D4-2141-56D5-31EF-512CFE6ED93B}.Debug|Any CPU.ActiveCfg = Debug|Any CPU
		{1F7F54D4-2141-56D5-31EF-512CFE6ED93B}.Debug|Any CPU.Build.0 = Debug|Any CPU
		{1F7F54D4-2141-56D5-31EF-512CFE6ED93B}.Release|Any CPU.ActiveCfg = Release|Any CPU
		{1F7F54D4-2141-56D5-31EF-512CFE6ED93B}.Release|Any CPU.Build.0 = Release|Any CPU
		{135B1A1C-68AC-DE68-CDD2-1D081FF79255}.Debug|Any CPU.ActiveCfg = Debug|Any CPU
		{135B1A1C-68AC-DE68-CDD2-1D081FF79255}.Debug|Any CPU.Build.0 = Debug|Any CPU
		{135B1A1C-68AC-DE68-CDD2-1D081FF79255}.Release|Any CPU.ActiveCfg = Release|Any CPU
		{135B1A1C-68AC-DE68-CDD2-1D081FF79255}.Release|Any CPU.Build.0 = Release|Any CPU
		{ACB7E1CF-7989-4FF3-A57E-3D648E1B15C6}.Debug|Any CPU.ActiveCfg = Debug|Any CPU
		{ACB7E1CF-7989-4FF3-A57E-3D648E1B15C6}.Debug|Any CPU.Build.0 = Debug|Any CPU
		{ACB7E1CF-7989-4FF3-A57E-3D648E1B15C6}.Release|Any CPU.ActiveCfg = Release|Any CPU
		{ACB7E1CF-7989-4FF3-A57E-3D648E1B15C6}.Release|Any CPU.Build.0 = Release|Any CPU
	EndGlobalSection
	GlobalSection(SolutionProperties) = preSolution
		HideSolutionNode = FALSE
	EndGlobalSection
	GlobalSection(ExtensibilityGlobals) = postSolution
		SolutionGuid = {D54B6F98-E92F-474C-B4EB-22211C5848F4}
	EndGlobalSection
EndGlobal
